// !$*UTF8*$!
{
	archiveVersion = 1;
	classes = {
	};
	objectVersion = 48;
	objects = {

/* Begin PBXBuildFile section */
		4C04772C1FE96435005A8A45 /* ActivityIndicator.swift in Sources */ = {isa = PBXBuildFile; fileRef = 4C04772B1FE96435005A8A45 /* ActivityIndicator.swift */; };
		4C04772F1FE96468005A8A45 /* ErrorTracker.swift in Sources */ = {isa = PBXBuildFile; fileRef = 4C04772E1FE96468005A8A45 /* ErrorTracker.swift */; };
		4C0477311FE96482005A8A45 /* ArrayTracker.swift in Sources */ = {isa = PBXBuildFile; fileRef = 4C0477301FE96482005A8A45 /* ArrayTracker.swift */; };
		4C0477331FE964A4005A8A45 /* Observable+Ext.swift in Sources */ = {isa = PBXBuildFile; fileRef = 4C0477321FE964A4005A8A45 /* Observable+Ext.swift */; };
		4C3D43771FDACF49008C5F01 /* ListTableViewCell.swift in Sources */ = {isa = PBXBuildFile; fileRef = 4C3D436D1FDACF38008C5F01 /* ListTableViewCell.swift */; };
		4C3D43781FDACF49008C5F01 /* ListTableViewCell.xib in Resources */ = {isa = PBXBuildFile; fileRef = 4C3D436E1FDACF38008C5F01 /* ListTableViewCell.xib */; };
		4C3D43791FDACF49008C5F01 /* ListViewController.swift in Sources */ = {isa = PBXBuildFile; fileRef = 4C3D436F1FDACF38008C5F01 /* ListViewController.swift */; };
		4C3D437A1FDACF49008C5F01 /* LoginViewController.swift in Sources */ = {isa = PBXBuildFile; fileRef = 4C3D43701FDACF38008C5F01 /* LoginViewController.swift */; };
		4C3D437B1FDACF49008C5F01 /* PostViewController.swift in Sources */ = {isa = PBXBuildFile; fileRef = 4C3D43711FDACF38008C5F01 /* PostViewController.swift */; };
		4C3D437C1FDACF49008C5F01 /* SignUpViewController.swift in Sources */ = {isa = PBXBuildFile; fileRef = 4C3D43721FDACF38008C5F01 /* SignUpViewController.swift */; };
		4C3D437D1FDACF5B008C5F01 /* FireBaseAuthRepository.swift in Sources */ = {isa = PBXBuildFile; fileRef = 4C3D435E1FDACF29008C5F01 /* FireBaseAuthRepository.swift */; };
		4C3D437E1FDACF5E008C5F01 /* FireBasePostRepository.swift in Sources */ = {isa = PBXBuildFile; fileRef = 4C3D435F1FDACF29008C5F01 /* FireBasePostRepository.swift */; };
		4C3D437F1FDACF60008C5F01 /* ListUseCase.swift in Sources */ = {isa = PBXBuildFile; fileRef = 4C3D43641FDACF30008C5F01 /* ListUseCase.swift */; };
		4C3D43811FDACF9C008C5F01 /* Post.swift in Sources */ = {isa = PBXBuildFile; fileRef = 4C3D43801FDACF9C008C5F01 /* Post.swift */; };
		4C3D43831FDACFDD008C5F01 /* AuthRepository.swift in Sources */ = {isa = PBXBuildFile; fileRef = 4C3D43821FDACFDD008C5F01 /* AuthRepository.swift */; };
		4C3D43851FDACFF0008C5F01 /* PostRepository.swift in Sources */ = {isa = PBXBuildFile; fileRef = 4C3D43841FDACFF0008C5F01 /* PostRepository.swift */; };
		4C3D43871FDAD008008C5F01 /* LoginUseCase.swift in Sources */ = {isa = PBXBuildFile; fileRef = 4C3D43861FDAD008008C5F01 /* LoginUseCase.swift */; };
		4C3D43891FDAD014008C5F01 /* PostUseCase.swift in Sources */ = {isa = PBXBuildFile; fileRef = 4C3D43881FDAD014008C5F01 /* PostUseCase.swift */; };
		4C3D438B1FDAD020008C5F01 /* SignUpUseCase.swift in Sources */ = {isa = PBXBuildFile; fileRef = 4C3D438A1FDAD020008C5F01 /* SignUpUseCase.swift */; };
		4C45835C1FC957FB002AFB69 /* AppDelegate.swift in Sources */ = {isa = PBXBuildFile; fileRef = 4C45835B1FC957FB002AFB69 /* AppDelegate.swift */; };
		4C4583611FC957FB002AFB69 /* Main.storyboard in Resources */ = {isa = PBXBuildFile; fileRef = 4C45835F1FC957FB002AFB69 /* Main.storyboard */; };
		4C4583631FC957FB002AFB69 /* Assets.xcassets in Resources */ = {isa = PBXBuildFile; fileRef = 4C4583621FC957FB002AFB69 /* Assets.xcassets */; };
		4C4583661FC957FB002AFB69 /* LaunchScreen.storyboard in Resources */ = {isa = PBXBuildFile; fileRef = 4C4583641FC957FB002AFB69 /* LaunchScreen.storyboard */; };
		4C4924871FE75B3F0073FE0B /* ListViewModel.swift in Sources */ = {isa = PBXBuildFile; fileRef = 4C4924861FE75B3F0073FE0B /* ListViewModel.swift */; };
		4C4924891FE75B530073FE0B /* LoginViewModel.swift in Sources */ = {isa = PBXBuildFile; fileRef = 4C4924881FE75B530073FE0B /* LoginViewModel.swift */; };
		4C49248B1FE75B650073FE0B /* SignUpViewModel.swift in Sources */ = {isa = PBXBuildFile; fileRef = 4C49248A1FE75B650073FE0B /* SignUpViewModel.swift */; };
		4C49248D1FE75B770073FE0B /* PostViewModel.swift in Sources */ = {isa = PBXBuildFile; fileRef = 4C49248C1FE75B770073FE0B /* PostViewModel.swift */; };
		4C4924901FE75BDF0073FE0B /* ViewModelType.swift in Sources */ = {isa = PBXBuildFile; fileRef = 4C49248F1FE75BDF0073FE0B /* ViewModelType.swift */; };
		4C4924921FE764380073FE0B /* ListNavigator.swift in Sources */ = {isa = PBXBuildFile; fileRef = 4C4924911FE764380073FE0B /* ListNavigator.swift */; };
		4C4924951FE768F10073FE0B /* SignUpNavigator.swift in Sources */ = {isa = PBXBuildFile; fileRef = 4C4924941FE768F10073FE0B /* SignUpNavigator.swift */; };
		4C4924971FE769080073FE0B /* LoginNavigator.swift in Sources */ = {isa = PBXBuildFile; fileRef = 4C4924961FE769080073FE0B /* LoginNavigator.swift */; };
		4C4924991FE769370073FE0B /* PostNavigator.swift in Sources */ = {isa = PBXBuildFile; fileRef = 4C4924981FE769370073FE0B /* PostNavigator.swift */; };
		4C4F5E5A1FD3F1B900AC40F3 /* GoogleService-Info.plist in Resources */ = {isa = PBXBuildFile; fileRef = 4C4F5E591FD3EE2800AC40F3 /* GoogleService-Info.plist */; };
		4C4F5E5C1FD3F1DB00AC40F3 /* R.generated.swift in Sources */ = {isa = PBXBuildFile; fileRef = 4C4F5E5B1FD3F1DB00AC40F3 /* R.generated.swift */; };
		4C7234F71FE699D100677DCC /* Exception.swift in Sources */ = {isa = PBXBuildFile; fileRef = 4C7234F61FE699D100677DCC /* Exception.swift */; };
		4CBB96F11FE1153F002C5DCC /* User.swift in Sources */ = {isa = PBXBuildFile; fileRef = 4CBB96F01FE1153F002C5DCC /* User.swift */; };
		5E48A51588F5AA744DA8E726 /* Pods_ArchitectureSampleWithFirebase.framework in Frameworks */ = {isa = PBXBuildFile; fileRef = 47F3BC4701245F536E3E013D /* Pods_ArchitectureSampleWithFirebase.framework */; };
/* End PBXBuildFile section */

/* Begin PBXFileReference section */
		47F3BC4701245F536E3E013D /* Pods_ArchitectureSampleWithFirebase.framework */ = {isa = PBXFileReference; explicitFileType = wrapper.framework; includeInIndex = 0; path = Pods_ArchitectureSampleWithFirebase.framework; sourceTree = BUILT_PRODUCTS_DIR; };
		4C04772B1FE96435005A8A45 /* ActivityIndicator.swift */ = {isa = PBXFileReference; lastKnownFileType = sourcecode.swift; path = ActivityIndicator.swift; sourceTree = "<group>"; };
		4C04772E1FE96468005A8A45 /* ErrorTracker.swift */ = {isa = PBXFileReference; lastKnownFileType = sourcecode.swift; path = ErrorTracker.swift; sourceTree = "<group>"; };
		4C0477301FE96482005A8A45 /* ArrayTracker.swift */ = {isa = PBXFileReference; lastKnownFileType = sourcecode.swift; path = ArrayTracker.swift; sourceTree = "<group>"; };
		4C0477321FE964A4005A8A45 /* Observable+Ext.swift */ = {isa = PBXFileReference; lastKnownFileType = sourcecode.swift; path = "Observable+Ext.swift"; sourceTree = "<group>"; };
		4C3D435E1FDACF29008C5F01 /* FireBaseAuthRepository.swift */ = {isa = PBXFileReference; lastKnownFileType = sourcecode.swift; path = FireBaseAuthRepository.swift; sourceTree = "<group>"; };
		4C3D435F1FDACF29008C5F01 /* FireBasePostRepository.swift */ = {isa = PBXFileReference; lastKnownFileType = sourcecode.swift; path = FireBasePostRepository.swift; sourceTree = "<group>"; };
		4C3D43641FDACF30008C5F01 /* ListUseCase.swift */ = {isa = PBXFileReference; lastKnownFileType = sourcecode.swift; path = ListUseCase.swift; sourceTree = "<group>"; };
		4C3D436D1FDACF38008C5F01 /* ListTableViewCell.swift */ = {isa = PBXFileReference; lastKnownFileType = sourcecode.swift; path = ListTableViewCell.swift; sourceTree = "<group>"; };
		4C3D436E1FDACF38008C5F01 /* ListTableViewCell.xib */ = {isa = PBXFileReference; lastKnownFileType = file.xib; path = ListTableViewCell.xib; sourceTree = "<group>"; };
		4C3D436F1FDACF38008C5F01 /* ListViewController.swift */ = {isa = PBXFileReference; lastKnownFileType = sourcecode.swift; path = ListViewController.swift; sourceTree = "<group>"; };
		4C3D43701FDACF38008C5F01 /* LoginViewController.swift */ = {isa = PBXFileReference; lastKnownFileType = sourcecode.swift; path = LoginViewController.swift; sourceTree = "<group>"; };
		4C3D43711FDACF38008C5F01 /* PostViewController.swift */ = {isa = PBXFileReference; lastKnownFileType = sourcecode.swift; path = PostViewController.swift; sourceTree = "<group>"; };
		4C3D43721FDACF38008C5F01 /* SignUpViewController.swift */ = {isa = PBXFileReference; lastKnownFileType = sourcecode.swift; path = SignUpViewController.swift; sourceTree = "<group>"; };
		4C3D43801FDACF9C008C5F01 /* Post.swift */ = {isa = PBXFileReference; lastKnownFileType = sourcecode.swift; path = Post.swift; sourceTree = "<group>"; };
		4C3D43821FDACFDD008C5F01 /* AuthRepository.swift */ = {isa = PBXFileReference; lastKnownFileType = sourcecode.swift; path = AuthRepository.swift; sourceTree = "<group>"; };
		4C3D43841FDACFF0008C5F01 /* PostRepository.swift */ = {isa = PBXFileReference; lastKnownFileType = sourcecode.swift; path = PostRepository.swift; sourceTree = "<group>"; };
		4C3D43861FDAD008008C5F01 /* LoginUseCase.swift */ = {isa = PBXFileReference; lastKnownFileType = sourcecode.swift; path = LoginUseCase.swift; sourceTree = "<group>"; };
		4C3D43881FDAD014008C5F01 /* PostUseCase.swift */ = {isa = PBXFileReference; lastKnownFileType = sourcecode.swift; path = PostUseCase.swift; sourceTree = "<group>"; };
		4C3D438A1FDAD020008C5F01 /* SignUpUseCase.swift */ = {isa = PBXFileReference; lastKnownFileType = sourcecode.swift; path = SignUpUseCase.swift; sourceTree = "<group>"; };
		4C4583581FC957FB002AFB69 /* ArchitectureSampleWithFirebase.app */ = {isa = PBXFileReference; explicitFileType = wrapper.application; includeInIndex = 0; path = ArchitectureSampleWithFirebase.app; sourceTree = BUILT_PRODUCTS_DIR; };
		4C45835B1FC957FB002AFB69 /* AppDelegate.swift */ = {isa = PBXFileReference; lastKnownFileType = sourcecode.swift; path = AppDelegate.swift; sourceTree = "<group>"; };
		4C4583601FC957FB002AFB69 /* Base */ = {isa = PBXFileReference; lastKnownFileType = file.storyboard; name = Base; path = Base.lproj/Main.storyboard; sourceTree = "<group>"; };
		4C4583621FC957FB002AFB69 /* Assets.xcassets */ = {isa = PBXFileReference; lastKnownFileType = folder.assetcatalog; path = Assets.xcassets; sourceTree = "<group>"; };
		4C4583651FC957FB002AFB69 /* Base */ = {isa = PBXFileReference; lastKnownFileType = file.storyboard; name = Base; path = Base.lproj/LaunchScreen.storyboard; sourceTree = "<group>"; };
		4C4583671FC957FB002AFB69 /* Info.plist */ = {isa = PBXFileReference; lastKnownFileType = text.plist.xml; path = Info.plist; sourceTree = "<group>"; };
		4C4924861FE75B3F0073FE0B /* ListViewModel.swift */ = {isa = PBXFileReference; lastKnownFileType = sourcecode.swift; path = ListViewModel.swift; sourceTree = "<group>"; };
		4C4924881FE75B530073FE0B /* LoginViewModel.swift */ = {isa = PBXFileReference; lastKnownFileType = sourcecode.swift; path = LoginViewModel.swift; sourceTree = "<group>"; };
		4C49248A1FE75B650073FE0B /* SignUpViewModel.swift */ = {isa = PBXFileReference; lastKnownFileType = sourcecode.swift; path = SignUpViewModel.swift; sourceTree = "<group>"; };
		4C49248C1FE75B770073FE0B /* PostViewModel.swift */ = {isa = PBXFileReference; lastKnownFileType = sourcecode.swift; path = PostViewModel.swift; sourceTree = "<group>"; };
		4C49248F1FE75BDF0073FE0B /* ViewModelType.swift */ = {isa = PBXFileReference; lastKnownFileType = sourcecode.swift; path = ViewModelType.swift; sourceTree = "<group>"; };
		4C4924911FE764380073FE0B /* ListNavigator.swift */ = {isa = PBXFileReference; lastKnownFileType = sourcecode.swift; path = ListNavigator.swift; sourceTree = "<group>"; };
		4C4924941FE768F10073FE0B /* SignUpNavigator.swift */ = {isa = PBXFileReference; lastKnownFileType = sourcecode.swift; path = SignUpNavigator.swift; sourceTree = "<group>"; };
		4C4924961FE769080073FE0B /* LoginNavigator.swift */ = {isa = PBXFileReference; lastKnownFileType = sourcecode.swift; path = LoginNavigator.swift; sourceTree = "<group>"; };
		4C4924981FE769370073FE0B /* PostNavigator.swift */ = {isa = PBXFileReference; lastKnownFileType = sourcecode.swift; path = PostNavigator.swift; sourceTree = "<group>"; };
		4C4F5E591FD3EE2800AC40F3 /* GoogleService-Info.plist */ = {isa = PBXFileReference; lastKnownFileType = text.plist.xml; path = "GoogleService-Info.plist"; sourceTree = "<group>"; };
		4C4F5E5B1FD3F1DB00AC40F3 /* R.generated.swift */ = {isa = PBXFileReference; lastKnownFileType = sourcecode.swift; path = R.generated.swift; sourceTree = SOURCE_ROOT; };
		4C7234F61FE699D100677DCC /* Exception.swift */ = {isa = PBXFileReference; lastKnownFileType = sourcecode.swift; path = Exception.swift; sourceTree = "<group>"; };
		4CBB96F01FE1153F002C5DCC /* User.swift */ = {isa = PBXFileReference; lastKnownFileType = sourcecode.swift; path = User.swift; sourceTree = "<group>"; };
		9C656F36F39B7C52E8DB0138 /* Pods-ArchitectureSampleWithFirebase.release.xcconfig */ = {isa = PBXFileReference; includeInIndex = 1; lastKnownFileType = text.xcconfig; name = "Pods-ArchitectureSampleWithFirebase.release.xcconfig"; path = "Pods/Target Support Files/Pods-ArchitectureSampleWithFirebase/Pods-ArchitectureSampleWithFirebase.release.xcconfig"; sourceTree = "<group>"; };
		F6942778E1CB5D48087C10AD /* Pods-ArchitectureSampleWithFirebase.debug.xcconfig */ = {isa = PBXFileReference; includeInIndex = 1; lastKnownFileType = text.xcconfig; name = "Pods-ArchitectureSampleWithFirebase.debug.xcconfig"; path = "Pods/Target Support Files/Pods-ArchitectureSampleWithFirebase/Pods-ArchitectureSampleWithFirebase.debug.xcconfig"; sourceTree = "<group>"; };
/* End PBXFileReference section */

/* Begin PBXFrameworksBuildPhase section */
		4C4583551FC957FB002AFB69 /* Frameworks */ = {
			isa = PBXFrameworksBuildPhase;
			buildActionMask = 2147483647;
			files = (
				5E48A51588F5AA744DA8E726 /* Pods_ArchitectureSampleWithFirebase.framework in Frameworks */,
			);
			runOnlyForDeploymentPostprocessing = 0;
		};
/* End PBXFrameworksBuildPhase section */

/* Begin PBXGroup section */
		1D986944F190897AEBC5E675 /* Pods */ = {
			isa = PBXGroup;
			children = (
				F6942778E1CB5D48087C10AD /* Pods-ArchitectureSampleWithFirebase.debug.xcconfig */,
				9C656F36F39B7C52E8DB0138 /* Pods-ArchitectureSampleWithFirebase.release.xcconfig */,
			);
			name = Pods;
			sourceTree = "<group>";
		};
		300AD94B5CB5D358D358920B /* Frameworks */ = {
			isa = PBXGroup;
			children = (
				47F3BC4701245F536E3E013D /* Pods_ArchitectureSampleWithFirebase.framework */,
			);
			name = Frameworks;
			sourceTree = "<group>";
		};
		4C04772D1FE96440005A8A45 /* Utilities */ = {
			isa = PBXGroup;
			children = (
				4C04772B1FE96435005A8A45 /* ActivityIndicator.swift */,
				4C04772E1FE96468005A8A45 /* ErrorTracker.swift */,
				4C0477301FE96482005A8A45 /* ArrayTracker.swift */,
				4C0477321FE964A4005A8A45 /* Observable+Ext.swift */,
			);
			path = Utilities;
			sourceTree = "<group>";
		};
		4C25B0461FE7823200C9A939 /* Data */ = {
			isa = PBXGroup;
			children = (
				4C3D435D1FDACF29008C5F01 /* FirebaseRepositories */,
			);
			path = Data;
			sourceTree = "<group>";
		};
		4C25B0471FE7824800C9A939 /* Presentation */ = {
			isa = PBXGroup;
			children = (
				4C4924931FE764430073FE0B /* Navigators */,
				4C3D436B1FDACF38008C5F01 /* Views */,
				4C49248E1FE75B7F0073FE0B /* ViewModels */,
				4C04772D1FE96440005A8A45 /* Utilities */,
			);
			path = Presentation;
			sourceTree = "<group>";
		};
		4C3D435D1FDACF29008C5F01 /* FirebaseRepositories */ = {
			isa = PBXGroup;
			children = (
				4C3D435E1FDACF29008C5F01 /* FireBaseAuthRepository.swift */,
				4C3D435F1FDACF29008C5F01 /* FireBasePostRepository.swift */,
			);
			path = FirebaseRepositories;
			sourceTree = "<group>";
		};
		4C3D43601FDACF30008C5F01 /* Domain */ = {
			isa = PBXGroup;
			children = (
				4C3D43621FDACF30008C5F01 /* Repositories */,
				4C3D43611FDACF30008C5F01 /* Entities */,
				4C3D43631FDACF30008C5F01 /* UseCases */,
			);
			path = Domain;
			sourceTree = "<group>";
		};
		4C3D43611FDACF30008C5F01 /* Entities */ = {
			isa = PBXGroup;
			children = (
				4C3D43801FDACF9C008C5F01 /* Post.swift */,
				4CBB96F01FE1153F002C5DCC /* User.swift */,
				4C7234F61FE699D100677DCC /* Exception.swift */,
			);
			path = Entities;
			sourceTree = "<group>";
		};
		4C3D43621FDACF30008C5F01 /* Repositories */ = {
			isa = PBXGroup;
			children = (
				4C3D43821FDACFDD008C5F01 /* AuthRepository.swift */,
				4C3D43841FDACFF0008C5F01 /* PostRepository.swift */,
			);
			path = Repositories;
			sourceTree = "<group>";
		};
		4C3D43631FDACF30008C5F01 /* UseCases */ = {
			isa = PBXGroup;
			children = (
				4C3D43641FDACF30008C5F01 /* ListUseCase.swift */,
				4C3D43861FDAD008008C5F01 /* LoginUseCase.swift */,
				4C3D43881FDAD014008C5F01 /* PostUseCase.swift */,
				4C3D438A1FDAD020008C5F01 /* SignUpUseCase.swift */,
			);
			path = UseCases;
			sourceTree = "<group>";
		};
		4C3D436B1FDACF38008C5F01 /* Views */ = {
			isa = PBXGroup;
			children = (
				4C3D436C1FDACF38008C5F01 /* Cells */,
				4C3D436F1FDACF38008C5F01 /* ListViewController.swift */,
				4C3D43701FDACF38008C5F01 /* LoginViewController.swift */,
				4C3D43711FDACF38008C5F01 /* PostViewController.swift */,
				4C3D43721FDACF38008C5F01 /* SignUpViewController.swift */,
			);
			path = Views;
			sourceTree = "<group>";
		};
		4C3D436C1FDACF38008C5F01 /* Cells */ = {
			isa = PBXGroup;
			children = (
				4C3D436D1FDACF38008C5F01 /* ListTableViewCell.swift */,
				4C3D436E1FDACF38008C5F01 /* ListTableViewCell.xib */,
			);
			path = Cells;
			sourceTree = "<group>";
		};
		4C45834F1FC957FB002AFB69 = {
			isa = PBXGroup;
			children = (
				4C45835A1FC957FB002AFB69 /* ArchitectureSampleWithFirebase */,
				4C4583591FC957FB002AFB69 /* Products */,
				1D986944F190897AEBC5E675 /* Pods */,
				300AD94B5CB5D358D358920B /* Frameworks */,
			);
			sourceTree = "<group>";
		};
		4C4583591FC957FB002AFB69 /* Products */ = {
			isa = PBXGroup;
			children = (
				4C4583581FC957FB002AFB69 /* ArchitectureSampleWithFirebase.app */,
			);
			name = Products;
			sourceTree = "<group>";
		};
		4C45835A1FC957FB002AFB69 /* ArchitectureSampleWithFirebase */ = {
			isa = PBXGroup;
			children = (
				4C25B0471FE7824800C9A939 /* Presentation */,
				4C3D43601FDACF30008C5F01 /* Domain */,
				4C25B0461FE7823200C9A939 /* Data */,
				4C4F5E5B1FD3F1DB00AC40F3 /* R.generated.swift */,
				4C4F5E591FD3EE2800AC40F3 /* GoogleService-Info.plist */,
				4C4583671FC957FB002AFB69 /* Info.plist */,
				4C45835F1FC957FB002AFB69 /* Main.storyboard */,
				4C4583641FC957FB002AFB69 /* LaunchScreen.storyboard */,
				4C4583621FC957FB002AFB69 /* Assets.xcassets */,
				4C45835B1FC957FB002AFB69 /* AppDelegate.swift */,
			);
			path = ArchitectureSampleWithFirebase;
			sourceTree = "<group>";
		};
		4C49248E1FE75B7F0073FE0B /* ViewModels */ = {
			isa = PBXGroup;
			children = (
				4C4924861FE75B3F0073FE0B /* ListViewModel.swift */,
				4C4924881FE75B530073FE0B /* LoginViewModel.swift */,
				4C49248A1FE75B650073FE0B /* SignUpViewModel.swift */,
				4C49248C1FE75B770073FE0B /* PostViewModel.swift */,
				4C49248F1FE75BDF0073FE0B /* ViewModelType.swift */,
			);
			path = ViewModels;
			sourceTree = "<group>";
		};
		4C4924931FE764430073FE0B /* Navigators */ = {
			isa = PBXGroup;
			children = (
				4C4924911FE764380073FE0B /* ListNavigator.swift */,
				4C4924941FE768F10073FE0B /* SignUpNavigator.swift */,
				4C4924961FE769080073FE0B /* LoginNavigator.swift */,
				4C4924981FE769370073FE0B /* PostNavigator.swift */,
			);
			path = Navigators;
			sourceTree = "<group>";
		};
/* End PBXGroup section */

/* Begin PBXNativeTarget section */
		4C4583571FC957FB002AFB69 /* ArchitectureSampleWithFirebase */ = {
			isa = PBXNativeTarget;
			buildConfigurationList = 4C45836A1FC957FB002AFB69 /* Build configuration list for PBXNativeTarget "ArchitectureSampleWithFirebase" */;
			buildPhases = (
				FC8F5418E16D8F47E463E37F /* [CP] Check Pods Manifest.lock */,
				4C4F5E581FD3ED0E00AC40F3 /* ShellScript */,
				4C4583541FC957FB002AFB69 /* Sources */,
				4C4583551FC957FB002AFB69 /* Frameworks */,
				4C4583561FC957FB002AFB69 /* Resources */,
				B3B0CFA08F8844EB6B025632 /* [CP] Embed Pods Frameworks */,
				6738E3B412829E007F8278FF /* [CP] Copy Pods Resources */,
			);
			buildRules = (
			);
			dependencies = (
			);
			name = ArchitectureSampleWithFirebase;
			productName = SampleFirebase;
			productReference = 4C4583581FC957FB002AFB69 /* ArchitectureSampleWithFirebase.app */;
			productType = "com.apple.product-type.application";
		};
/* End PBXNativeTarget section */

/* Begin PBXProject section */
		4C4583501FC957FB002AFB69 /* Project object */ = {
			isa = PBXProject;
			attributes = {
				LastSwiftUpdateCheck = 0900;
				LastUpgradeCheck = 0900;
				ORGANIZATIONNAME = rockname;
				TargetAttributes = {
					4C4583571FC957FB002AFB69 = {
						CreatedOnToolsVersion = 9.0;
						ProvisioningStyle = Automatic;
					};
				};
			};
			buildConfigurationList = 4C4583531FC957FB002AFB69 /* Build configuration list for PBXProject "ArchitectureSampleWithFirebase" */;
			compatibilityVersion = "Xcode 8.0";
			developmentRegion = en;
			hasScannedForEncodings = 0;
			knownRegions = (
				en,
				Base,
			);
			mainGroup = 4C45834F1FC957FB002AFB69;
			productRefGroup = 4C4583591FC957FB002AFB69 /* Products */;
			projectDirPath = "";
			projectRoot = "";
			targets = (
				4C4583571FC957FB002AFB69 /* ArchitectureSampleWithFirebase */,
			);
		};
/* End PBXProject section */

/* Begin PBXResourcesBuildPhase section */
		4C4583561FC957FB002AFB69 /* Resources */ = {
			isa = PBXResourcesBuildPhase;
			buildActionMask = 2147483647;
			files = (
				4C4583661FC957FB002AFB69 /* LaunchScreen.storyboard in Resources */,
				4C4F5E5A1FD3F1B900AC40F3 /* GoogleService-Info.plist in Resources */,
				4C4583631FC957FB002AFB69 /* Assets.xcassets in Resources */,
				4C4583611FC957FB002AFB69 /* Main.storyboard in Resources */,
				4C3D43781FDACF49008C5F01 /* ListTableViewCell.xib in Resources */,
			);
			runOnlyForDeploymentPostprocessing = 0;
		};
/* End PBXResourcesBuildPhase section */

/* Begin PBXShellScriptBuildPhase section */
		4C4F5E581FD3ED0E00AC40F3 /* ShellScript */ = {
			isa = PBXShellScriptBuildPhase;
			buildActionMask = 2147483647;
			files = (
			);
			inputPaths = (
			);
			outputPaths = (
			);
			runOnlyForDeploymentPostprocessing = 0;
			shellPath = /bin/sh;
			shellScript = "\"$PODS_ROOT/R.swift/rswift\" generate \"$SRCROOT\"";
		};
		6738E3B412829E007F8278FF /* [CP] Copy Pods Resources */ = {
			isa = PBXShellScriptBuildPhase;
			buildActionMask = 2147483647;
			files = (
			);
			inputPaths = (
			);
			name = "[CP] Copy Pods Resources";
			outputPaths = (
			);
			runOnlyForDeploymentPostprocessing = 0;
			shellPath = /bin/sh;
			shellScript = "\"${SRCROOT}/Pods/Target Support Files/Pods-ArchitectureSampleWithFirebase/Pods-ArchitectureSampleWithFirebase-resources.sh\"\n";
			showEnvVarsInLog = 0;
		};
		B3B0CFA08F8844EB6B025632 /* [CP] Embed Pods Frameworks */ = {
			isa = PBXShellScriptBuildPhase;
			buildActionMask = 2147483647;
			files = (
			);
			inputPaths = (
				"${SRCROOT}/Pods/Target Support Files/Pods-ArchitectureSampleWithFirebase/Pods-ArchitectureSampleWithFirebase-frameworks.sh",
				"${BUILT_PRODUCTS_DIR}/BoringSSL/openssl.framework",
				"${BUILT_PRODUCTS_DIR}/GTMSessionFetcher/GTMSessionFetcher.framework",
				"${BUILT_PRODUCTS_DIR}/GoogleToolboxForMac/GoogleToolboxForMac.framework",
				"${BUILT_PRODUCTS_DIR}/Protobuf/Protobuf.framework",
				"${BUILT_PRODUCTS_DIR}/R.swift.Library/Rswift.framework",
				"${BUILT_PRODUCTS_DIR}/RxCocoa/RxCocoa.framework",
				"${BUILT_PRODUCTS_DIR}/RxSwift/RxSwift.framework",
				"${BUILT_PRODUCTS_DIR}/gRPC/GRPCClient.framework",
				"${BUILT_PRODUCTS_DIR}/gRPC-Core/grpc.framework",
				"${BUILT_PRODUCTS_DIR}/gRPC-ProtoRPC/ProtoRPC.framework",
				"${BUILT_PRODUCTS_DIR}/gRPC-RxLibrary/RxLibrary.framework",
				"${BUILT_PRODUCTS_DIR}/leveldb-library/leveldb.framework",
				"${BUILT_PRODUCTS_DIR}/nanopb/nanopb.framework",
			);
			name = "[CP] Embed Pods Frameworks";
			outputPaths = (
				"${TARGET_BUILD_DIR}/${FRAMEWORKS_FOLDER_PATH}/openssl.framework",
				"${TARGET_BUILD_DIR}/${FRAMEWORKS_FOLDER_PATH}/GTMSessionFetcher.framework",
				"${TARGET_BUILD_DIR}/${FRAMEWORKS_FOLDER_PATH}/GoogleToolboxForMac.framework",
				"${TARGET_BUILD_DIR}/${FRAMEWORKS_FOLDER_PATH}/Protobuf.framework",
				"${TARGET_BUILD_DIR}/${FRAMEWORKS_FOLDER_PATH}/Rswift.framework",
				"${TARGET_BUILD_DIR}/${FRAMEWORKS_FOLDER_PATH}/RxCocoa.framework",
				"${TARGET_BUILD_DIR}/${FRAMEWORKS_FOLDER_PATH}/RxSwift.framework",
				"${TARGET_BUILD_DIR}/${FRAMEWORKS_FOLDER_PATH}/GRPCClient.framework",
				"${TARGET_BUILD_DIR}/${FRAMEWORKS_FOLDER_PATH}/grpc.framework",
				"${TARGET_BUILD_DIR}/${FRAMEWORKS_FOLDER_PATH}/ProtoRPC.framework",
				"${TARGET_BUILD_DIR}/${FRAMEWORKS_FOLDER_PATH}/RxLibrary.framework",
				"${TARGET_BUILD_DIR}/${FRAMEWORKS_FOLDER_PATH}/leveldb.framework",
				"${TARGET_BUILD_DIR}/${FRAMEWORKS_FOLDER_PATH}/nanopb.framework",
			);
			runOnlyForDeploymentPostprocessing = 0;
			shellPath = /bin/sh;
			shellScript = "\"${SRCROOT}/Pods/Target Support Files/Pods-ArchitectureSampleWithFirebase/Pods-ArchitectureSampleWithFirebase-frameworks.sh\"\n";
			showEnvVarsInLog = 0;
		};
		FC8F5418E16D8F47E463E37F /* [CP] Check Pods Manifest.lock */ = {
			isa = PBXShellScriptBuildPhase;
			buildActionMask = 2147483647;
			files = (
			);
			inputPaths = (
				"${PODS_PODFILE_DIR_PATH}/Podfile.lock",
				"${PODS_ROOT}/Manifest.lock",
			);
			name = "[CP] Check Pods Manifest.lock";
			outputPaths = (
				"$(DERIVED_FILE_DIR)/Pods-ArchitectureSampleWithFirebase-checkManifestLockResult.txt",
			);
			runOnlyForDeploymentPostprocessing = 0;
			shellPath = /bin/sh;
			shellScript = "diff \"${PODS_PODFILE_DIR_PATH}/Podfile.lock\" \"${PODS_ROOT}/Manifest.lock\" > /dev/null\nif [ $? != 0 ] ; then\n    # print error to STDERR\n    echo \"error: The sandbox is not in sync with the Podfile.lock. Run 'pod install' or update your CocoaPods installation.\" >&2\n    exit 1\nfi\n# This output is used by Xcode 'outputs' to avoid re-running this script phase.\necho \"SUCCESS\" > \"${SCRIPT_OUTPUT_FILE_0}\"\n";
			showEnvVarsInLog = 0;
		};
/* End PBXShellScriptBuildPhase section */

/* Begin PBXSourcesBuildPhase section */
		4C4583541FC957FB002AFB69 /* Sources */ = {
			isa = PBXSourcesBuildPhase;
			buildActionMask = 2147483647;
			files = (
				4C0477311FE96482005A8A45 /* ArrayTracker.swift in Sources */,
				4C3D437C1FDACF49008C5F01 /* SignUpViewController.swift in Sources */,
				4C3D43891FDAD014008C5F01 /* PostUseCase.swift in Sources */,
				4C3D437A1FDACF49008C5F01 /* LoginViewController.swift in Sources */,
				4C3D43771FDACF49008C5F01 /* ListTableViewCell.swift in Sources */,
				4C04772C1FE96435005A8A45 /* ActivityIndicator.swift in Sources */,
				4C3D437E1FDACF5E008C5F01 /* FireBasePostRepository.swift in Sources */,
				4C4924971FE769080073FE0B /* LoginNavigator.swift in Sources */,
				4C4924921FE764380073FE0B /* ListNavigator.swift in Sources */,
				4C4924951FE768F10073FE0B /* SignUpNavigator.swift in Sources */,
				4C7234F71FE699D100677DCC /* Exception.swift in Sources */,
				4C3D437D1FDACF5B008C5F01 /* FireBaseAuthRepository.swift in Sources */,
				4C3D437B1FDACF49008C5F01 /* PostViewController.swift in Sources */,
				4C0477331FE964A4005A8A45 /* Observable+Ext.swift in Sources */,
				4C4924891FE75B530073FE0B /* LoginViewModel.swift in Sources */,
				4C3D43811FDACF9C008C5F01 /* Post.swift in Sources */,
				4C04772F1FE96468005A8A45 /* ErrorTracker.swift in Sources */,
				4C4F5E5C1FD3F1DB00AC40F3 /* R.generated.swift in Sources */,
				4C4924901FE75BDF0073FE0B /* ViewModelType.swift in Sources */,
				4C3D43831FDACFDD008C5F01 /* AuthRepository.swift in Sources */,
				4C3D438B1FDAD020008C5F01 /* SignUpUseCase.swift in Sources */,
				4C49248B1FE75B650073FE0B /* SignUpViewModel.swift in Sources */,
				4C4924991FE769370073FE0B /* PostNavigator.swift in Sources */,
				4C3D437F1FDACF60008C5F01 /* ListUseCase.swift in Sources */,
				4C3D43851FDACFF0008C5F01 /* PostRepository.swift in Sources */,
				4C4924871FE75B3F0073FE0B /* ListViewModel.swift in Sources */,
				4C3D43791FDACF49008C5F01 /* ListViewController.swift in Sources */,
				4C49248D1FE75B770073FE0B /* PostViewModel.swift in Sources */,
				4C45835C1FC957FB002AFB69 /* AppDelegate.swift in Sources */,
				4C3D43871FDAD008008C5F01 /* LoginUseCase.swift in Sources */,
				4CBB96F11FE1153F002C5DCC /* User.swift in Sources */,
			);
			runOnlyForDeploymentPostprocessing = 0;
		};
/* End PBXSourcesBuildPhase section */

/* Begin PBXVariantGroup section */
		4C45835F1FC957FB002AFB69 /* Main.storyboard */ = {
			isa = PBXVariantGroup;
			children = (
				4C4583601FC957FB002AFB69 /* Base */,
			);
			name = Main.storyboard;
			sourceTree = "<group>";
		};
		4C4583641FC957FB002AFB69 /* LaunchScreen.storyboard */ = {
			isa = PBXVariantGroup;
			children = (
				4C4583651FC957FB002AFB69 /* Base */,
			);
			name = LaunchScreen.storyboard;
			sourceTree = "<group>";
		};
/* End PBXVariantGroup section */

/* Begin XCBuildConfiguration section */
		4C4583681FC957FB002AFB69 /* Debug */ = {
			isa = XCBuildConfiguration;
			buildSettings = {
				ALWAYS_SEARCH_USER_PATHS = NO;
				CLANG_ANALYZER_NONNULL = YES;
				CLANG_ANALYZER_NUMBER_OBJECT_CONVERSION = YES_AGGRESSIVE;
				CLANG_CXX_LANGUAGE_STANDARD = "gnu++14";
				CLANG_CXX_LIBRARY = "libc++";
				CLANG_ENABLE_MODULES = YES;
				CLANG_ENABLE_OBJC_ARC = YES;
				CLANG_WARN_BLOCK_CAPTURE_AUTORELEASING = YES;
				CLANG_WARN_BOOL_CONVERSION = YES;
				CLANG_WARN_COMMA = YES;
				CLANG_WARN_CONSTANT_CONVERSION = YES;
				CLANG_WARN_DIRECT_OBJC_ISA_USAGE = YES_ERROR;
				CLANG_WARN_DOCUMENTATION_COMMENTS = YES;
				CLANG_WARN_EMPTY_BODY = YES;
				CLANG_WARN_ENUM_CONVERSION = YES;
				CLANG_WARN_INFINITE_RECURSION = YES;
				CLANG_WARN_INT_CONVERSION = YES;
				CLANG_WARN_NON_LITERAL_NULL_CONVERSION = YES;
				CLANG_WARN_OBJC_LITERAL_CONVERSION = YES;
				CLANG_WARN_OBJC_ROOT_CLASS = YES_ERROR;
				CLANG_WARN_RANGE_LOOP_ANALYSIS = YES;
				CLANG_WARN_STRICT_PROTOTYPES = YES;
				CLANG_WARN_SUSPICIOUS_MOVE = YES;
				CLANG_WARN_UNGUARDED_AVAILABILITY = YES_AGGRESSIVE;
				CLANG_WARN_UNREACHABLE_CODE = YES;
				CLANG_WARN__DUPLICATE_METHOD_MATCH = YES;
				CODE_SIGN_IDENTITY = "iPhone Developer";
				COPY_PHASE_STRIP = NO;
				DEBUG_INFORMATION_FORMAT = dwarf;
				ENABLE_STRICT_OBJC_MSGSEND = YES;
				ENABLE_TESTABILITY = YES;
				GCC_C_LANGUAGE_STANDARD = gnu11;
				GCC_DYNAMIC_NO_PIC = NO;
				GCC_NO_COMMON_BLOCKS = YES;
				GCC_OPTIMIZATION_LEVEL = 0;
				GCC_PREPROCESSOR_DEFINITIONS = (
					"DEBUG=1",
					"$(inherited)",
				);
				GCC_WARN_64_TO_32_BIT_CONVERSION = YES;
				GCC_WARN_ABOUT_RETURN_TYPE = YES_ERROR;
				GCC_WARN_UNDECLARED_SELECTOR = YES;
				GCC_WARN_UNINITIALIZED_AUTOS = YES_AGGRESSIVE;
				GCC_WARN_UNUSED_FUNCTION = YES;
				GCC_WARN_UNUSED_VARIABLE = YES;
				IPHONEOS_DEPLOYMENT_TARGET = 11.0;
				MTL_ENABLE_DEBUG_INFO = YES;
				ONLY_ACTIVE_ARCH = YES;
				SDKROOT = iphoneos;
				SWIFT_ACTIVE_COMPILATION_CONDITIONS = DEBUG;
				SWIFT_OPTIMIZATION_LEVEL = "-Onone";
			};
			name = Debug;
		};
		4C4583691FC957FB002AFB69 /* Release */ = {
			isa = XCBuildConfiguration;
			buildSettings = {
				ALWAYS_SEARCH_USER_PATHS = NO;
				CLANG_ANALYZER_NONNULL = YES;
				CLANG_ANALYZER_NUMBER_OBJECT_CONVERSION = YES_AGGRESSIVE;
				CLANG_CXX_LANGUAGE_STANDARD = "gnu++14";
				CLANG_CXX_LIBRARY = "libc++";
				CLANG_ENABLE_MODULES = YES;
				CLANG_ENABLE_OBJC_ARC = YES;
				CLANG_WARN_BLOCK_CAPTURE_AUTORELEASING = YES;
				CLANG_WARN_BOOL_CONVERSION = YES;
				CLANG_WARN_COMMA = YES;
				CLANG_WARN_CONSTANT_CONVERSION = YES;
				CLANG_WARN_DIRECT_OBJC_ISA_USAGE = YES_ERROR;
				CLANG_WARN_DOCUMENTATION_COMMENTS = YES;
				CLANG_WARN_EMPTY_BODY = YES;
				CLANG_WARN_ENUM_CONVERSION = YES;
				CLANG_WARN_INFINITE_RECURSION = YES;
				CLANG_WARN_INT_CONVERSION = YES;
				CLANG_WARN_NON_LITERAL_NULL_CONVERSION = YES;
				CLANG_WARN_OBJC_LITERAL_CONVERSION = YES;
				CLANG_WARN_OBJC_ROOT_CLASS = YES_ERROR;
				CLANG_WARN_RANGE_LOOP_ANALYSIS = YES;
				CLANG_WARN_STRICT_PROTOTYPES = YES;
				CLANG_WARN_SUSPICIOUS_MOVE = YES;
				CLANG_WARN_UNGUARDED_AVAILABILITY = YES_AGGRESSIVE;
				CLANG_WARN_UNREACHABLE_CODE = YES;
				CLANG_WARN__DUPLICATE_METHOD_MATCH = YES;
				CODE_SIGN_IDENTITY = "iPhone Developer";
				COPY_PHASE_STRIP = NO;
				DEBUG_INFORMATION_FORMAT = "dwarf-with-dsym";
				ENABLE_NS_ASSERTIONS = NO;
				ENABLE_STRICT_OBJC_MSGSEND = YES;
				GCC_C_LANGUAGE_STANDARD = gnu11;
				GCC_NO_COMMON_BLOCKS = YES;
				GCC_WARN_64_TO_32_BIT_CONVERSION = YES;
				GCC_WARN_ABOUT_RETURN_TYPE = YES_ERROR;
				GCC_WARN_UNDECLARED_SELECTOR = YES;
				GCC_WARN_UNINITIALIZED_AUTOS = YES_AGGRESSIVE;
				GCC_WARN_UNUSED_FUNCTION = YES;
				GCC_WARN_UNUSED_VARIABLE = YES;
				IPHONEOS_DEPLOYMENT_TARGET = 11.0;
				MTL_ENABLE_DEBUG_INFO = NO;
				SDKROOT = iphoneos;
				SWIFT_OPTIMIZATION_LEVEL = "-Owholemodule";
				VALIDATE_PRODUCT = YES;
			};
			name = Release;
		};
		4C45836B1FC957FB002AFB69 /* Debug */ = {
			isa = XCBuildConfiguration;
			baseConfigurationReference = F6942778E1CB5D48087C10AD /* Pods-ArchitectureSampleWithFirebase.debug.xcconfig */;
			buildSettings = {
				ASSETCATALOG_COMPILER_APPICON_NAME = AppIcon;
				CODE_SIGN_STYLE = Automatic;
				DEVELOPMENT_TEAM = XX7L4Q54M4;
				INFOPLIST_FILE = "$(SRCROOT)/ArchitectureSampleWithFirebase/Info.plist";
				LD_RUNPATH_SEARCH_PATHS = "$(inherited) @executable_path/Frameworks";
				PRODUCT_BUNDLE_IDENTIFIER = com.rockname.ArchitectureSampleWithFirebase;
				PRODUCT_NAME = "$(TARGET_NAME)";
				SWIFT_VERSION = 4.0;
				TARGETED_DEVICE_FAMILY = "1,2";
			};
			name = Debug;
		};
		4C45836C1FC957FB002AFB69 /* Release */ = {
			isa = XCBuildConfiguration;
			baseConfigurationReference = 9C656F36F39B7C52E8DB0138 /* Pods-ArchitectureSampleWithFirebase.release.xcconfig */;
			buildSettings = {
				ASSETCATALOG_COMPILER_APPICON_NAME = AppIcon;
				CODE_SIGN_STYLE = Automatic;
				DEVELOPMENT_TEAM = XX7L4Q54M4;
				INFOPLIST_FILE = "$(SRCROOT)/ArchitectureSampleWithFirebase/Info.plist";
				LD_RUNPATH_SEARCH_PATHS = "$(inherited) @executable_path/Frameworks";
				PRODUCT_BUNDLE_IDENTIFIER = com.rockname.ArchitectureSampleWithFirebase;
				PRODUCT_NAME = "$(TARGET_NAME)";
				SWIFT_VERSION = 4.0;
				TARGETED_DEVICE_FAMILY = "1,2";
			};
			name = Release;
		};
/* End XCBuildConfiguration section */

/* Begin XCConfigurationList section */
		4C4583531FC957FB002AFB69 /* Build configuration list for PBXProject "ArchitectureSampleWithFirebase" */ = {
			isa = XCConfigurationList;
			buildConfigurations = (
				4C4583681FC957FB002AFB69 /* Debug */,
				4C4583691FC957FB002AFB69 /* Release */,
			);
			defaultConfigurationIsVisible = 0;
			defaultConfigurationName = Release;
		};
		4C45836A1FC957FB002AFB69 /* Build configuration list for PBXNativeTarget "ArchitectureSampleWithFirebase" */ = {
			isa = XCConfigurationList;
			buildConfigurations = (
				4C45836B1FC957FB002AFB69 /* Debug */,
				4C45836C1FC957FB002AFB69 /* Release */,
			);
			defaultConfigurationIsVisible = 0;
			defaultConfigurationName = Release;
		};
/* End XCConfigurationList section */
	};
	rootObject = 4C4583501FC957FB002AFB69 /* Project object */;
}
